// !$*UTF8*$!
{
	archiveVersion = 1;
	classes = {
	};
	objectVersion = 77;
	objects = {

/* Begin PBXBuildFile section */
		14667F6A2E86EBF0004F4A30 /* HousePointApp.swift in Sources */ = {isa = PBXBuildFile; fileRef = 14667F692E86EBF0004F4A30 /* HousePointApp.swift */; };
		14667F6E2E86EBF2004F4A30 /* Assets.xcassets in Resources */ = {isa = PBXBuildFile; fileRef = 14667F6D2E86EBF2004F4A30 /* Assets.xcassets */; };
/* End PBXBuildFile section */

/* Begin PBXContainerItemProxy section */
		14667F742E86EBF2004F4A30 /* PBXContainerItemProxy */ = {
			isa = PBXContainerItemProxy;
			containerPortal = 14667F5E2E86EBF0004F4A30 /* Project object */;
			proxyType = 1;
			remoteGlobalIDString = 14667F652E86EBF0004F4A30;
			remoteInfo = HousePoint;
		};
		14667F7E2E86EBF2004F4A30 /* PBXContainerItemProxy */ = {
			isa = PBXContainerItemProxy;
			containerPortal = 14667F5E2E86EBF0004F4A30 /* Project object */;
			proxyType = 1;
			remoteGlobalIDString = 14667F652E86EBF0004F4A30;
			remoteInfo = HousePoint;
		};
/* End PBXContainerItemProxy section */

/* Begin PBXFileReference section */
		14667F662E86EBF0004F4A30 /* HousePoint.app */ = {isa = PBXFileReference; explicitFileType = wrapper.application; includeInIndex = 0; name = HousePoint.app; path = "/Users/fifi/Documents/HousePoint/HousePoint/build/Debug-iphoneos/HousePoint.app"; sourceTree = "<absolute>"; };
		14667F692E86EBF0004F4A30 /* HousePointApp.swift */ = {isa = PBXFileReference; lastKnownFileType = sourcecode.swift; path = HousePointApp.swift; sourceTree = "<group>"; };
		14667F6D2E86EBF2004F4A30 /* Assets.xcassets */ = {isa = PBXFileReference; lastKnownFileType = folder.assetcatalog; path = Assets.xcassets; sourceTree = "<group>"; };
		14667F732E86EBF2004F4A30 /* HousePointTests.xctest */ = {isa = PBXFileReference; explicitFileType = wrapper.cfbundle; includeInIndex = 0; path = HousePointTests.xctest; sourceTree = BUILT_PRODUCTS_DIR; };
		14667F7D2E86EBF2004F4A30 /* HousePointUITests.xctest */ = {isa = PBXFileReference; explicitFileType = wrapper.cfbundle; includeInIndex = 0; path = HousePointUITests.xctest; sourceTree = BUILT_PRODUCTS_DIR; };
/* End PBXFileReference section */

/* Begin PBXFileSystemSynchronizedRootGroup section */
		14667F762E86EBF2004F4A30 /* HousePointTests */ = {
			isa = PBXFileSystemSynchronizedRootGroup;
			path = HousePointTests;
			sourceTree = "<group>";
		};
		14667F802E86EBF2004F4A30 /* HousePointUITests */ = {
			isa = PBXFileSystemSynchronizedRootGroup;
			path = HousePointUITests;
			sourceTree = "<group>";
		};
		14B027E22E98A14E0039B280 /* Models 2 */ = {
			isa = PBXFileSystemSynchronizedRootGroup;
			path = "Models 2";
			sourceTree = "<group>";
		};
		14B027ED2E98A1520039B280 /* Views  */ = {
			isa = PBXFileSystemSynchronizedRootGroup;
			path = "Views ";
			sourceTree = "<group>";
		};
/* End PBXFileSystemSynchronizedRootGroup section */

/* Begin PBXFrameworksBuildPhase section */
		14667F632E86EBF0004F4A30 /* Frameworks */ = {
			isa = PBXFrameworksBuildPhase;
			buildActionMask = 2147483647;
			files = (
			);
			runOnlyForDeploymentPostprocessing = 0;
		};
		14667F702E86EBF2004F4A30 /* Frameworks */ = {
			isa = PBXFrameworksBuildPhase;
			buildActionMask = 2147483647;
			files = (
			);
			runOnlyForDeploymentPostprocessing = 0;
		};
		14667F7A2E86EBF2004F4A30 /* Frameworks */ = {
			isa = PBXFrameworksBuildPhase;
			buildActionMask = 2147483647;
			files = (
			);
			runOnlyForDeploymentPostprocessing = 0;
		};
/* End PBXFrameworksBuildPhase section */

/* Begin PBXGroup section */
		14667F5D2E86EBF0004F4A30 = {
			isa = PBXGroup;
			children = (
				14667F692E86EBF0004F4A30 /* HousePointApp.swift */,
				14B027E22E98A14E0039B280 /* Models 2 */,
				14B027ED2E98A1520039B280 /* Views  */,
				14667F6D2E86EBF2004F4A30 /* Assets.xcassets */,
				14667F762E86EBF2004F4A30 /* HousePointTests */,
				14667F672E86EBF0004F4A30 /* Products */,
				14667F802E86EBF2004F4A30 /* HousePointUITests */,
			);
			sourceTree = "<group>";
		};
		14667F672E86EBF0004F4A30 /* Products */ = {
			isa = PBXGroup;
			children = (
				14667F732E86EBF2004F4A30 /* HousePointTests.xctest */,
				14667F7D2E86EBF2004F4A30 /* HousePointUITests.xctest */,
			);
			name = Products;
			sourceTree = "<group>";
		};
/* End PBXGroup section */

/* Begin PBXNativeTarget section */
		14667F652E86EBF0004F4A30 /* HousePoint */ = {
			isa = PBXNativeTarget;
			buildConfigurationList = 14667F872E86EBF2004F4A30 /* Build configuration list for PBXNativeTarget "HousePoint" */;
			buildPhases = (
				14667F622E86EBF0004F4A30 /* Sources */,
				14667F632E86EBF0004F4A30 /* Frameworks */,
				14667F642E86EBF0004F4A30 /* Resources */,
			);
			buildRules = (
			);
			dependencies = (
			);
			fileSystemSynchronizedGroups = (
				14B027E22E98A14E0039B280 /* Models 2 */,
				14B027ED2E98A1520039B280 /* Views  */,
			);
			name = HousePoint;
			packageProductDependencies = (
			);
			productName = HousePoint;
			productReference = 14667F662E86EBF0004F4A30 /* HousePoint.app */;
			productType = "com.apple.product-type.application";
		};
		14667F722E86EBF2004F4A30 /* HousePointTests */ = {
			isa = PBXNativeTarget;
			buildConfigurationList = 14667F8A2E86EBF2004F4A30 /* Build configuration list for PBXNativeTarget "HousePointTests" */;
			buildPhases = (
				14667F6F2E86EBF2004F4A30 /* Sources */,
				14667F702E86EBF2004F4A30 /* Frameworks */,
				14667F712E86EBF2004F4A30 /* Resources */,
			);
			buildRules = (
			);
			dependencies = (
				14667F752E86EBF2004F4A30 /* PBXTargetDependency */,
			);
			fileSystemSynchronizedGroups = (
				14667F762E86EBF2004F4A30 /* HousePointTests */,
			);
			name = HousePointTests;
			packageProductDependencies = (
			);
			productName = HousePointTests;
			productReference = 14667F732E86EBF2004F4A30 /* HousePointTests.xctest */;
			productType = "com.apple.product-type.bundle.unit-test";
		};
		14667F7C2E86EBF2004F4A30 /* HousePointUITests */ = {
			isa = PBXNativeTarget;
			buildConfigurationList = 14667F8D2E86EBF2004F4A30 /* Build configuration list for PBXNativeTarget "HousePointUITests" */;
			buildPhases = (
				14667F792E86EBF2004F4A30 /* Sources */,
				14667F7A2E86EBF2004F4A30 /* Frameworks */,
				14667F7B2E86EBF2004F4A30 /* Resources */,
			);
			buildRules = (
			);
			dependencies = (
				14667F7F2E86EBF2004F4A30 /* PBXTargetDependency */,
			);
			fileSystemSynchronizedGroups = (
				14667F802E86EBF2004F4A30 /* HousePointUITests */,
			);
			name = HousePointUITests;
			packageProductDependencies = (
			);
			productName = HousePointUITests;
			productReference = 14667F7D2E86EBF2004F4A30 /* HousePointUITests.xctest */;
			productType = "com.apple.product-type.bundle.ui-testing";
		};
/* End PBXNativeTarget section */

/* Begin PBXProject section */
		14667F5E2E86EBF0004F4A30 /* Project object */ = {
			isa = PBXProject;
			attributes = {
				BuildIndependentTargetsInParallel = 1;
				LastSwiftUpdateCheck = 1640;
				LastUpgradeCheck = 1640;
				TargetAttributes = {
					14667F652E86EBF0004F4A30 = {
						CreatedOnToolsVersion = 16.4;
					};
					14667F722E86EBF2004F4A30 = {
						CreatedOnToolsVersion = 16.4;
						TestTargetID = 14667F652E86EBF0004F4A30;
					};
					14667F7C2E86EBF2004F4A30 = {
						CreatedOnToolsVersion = 16.4;
						TestTargetID = 14667F652E86EBF0004F4A30;
					};
				};
			};
			buildConfigurationList = 14667F612E86EBF0004F4A30 /* Build configuration list for PBXProject "HousePoint" */;
			developmentRegion = en;
			hasScannedForEncodings = 0;
			knownRegions = (
				en,
				Base,
			);
			mainGroup = 14667F5D2E86EBF0004F4A30;
			minimizedProjectReferenceProxies = 1;
			preferredProjectObjectVersion = 77;
			productRefGroup = 14667F672E86EBF0004F4A30 /* Products */;
			projectDirPath = "";
			projectRoot = "";
			targets = (
				14667F652E86EBF0004F4A30 /* HousePoint */,
				14667F722E86EBF2004F4A30 /* HousePointTests */,
				14667F7C2E86EBF2004F4A30 /* HousePointUITests */,
			);
		};
/* End PBXProject section */

/* Begin PBXResourcesBuildPhase section */
		14667F642E86EBF0004F4A30 /* Resources */ = {
			isa = PBXResourcesBuildPhase;
			buildActionMask = 2147483647;
			files = (
				14667F6E2E86EBF2004F4A30 /* Assets.xcassets in Resources */,
			);
			runOnlyForDeploymentPostprocessing = 0;
		};
		14667F712E86EBF2004F4A30 /* Resources */ = {
			isa = PBXResourcesBuildPhase;
			buildActionMask = 2147483647;
			files = (
			);
			runOnlyForDeploymentPostprocessing = 0;
		};
		14667F7B2E86EBF2004F4A30 /* Resources */ = {
			isa = PBXResourcesBuildPhase;
			buildActionMask = 2147483647;
			files = (
			);
			runOnlyForDeploymentPostprocessing = 0;
		};
/* End PBXResourcesBuildPhase section */

/* Begin PBXSourcesBuildPhase section */
		14667F622E86EBF0004F4A30 /* Sources */ = {
			isa = PBXSourcesBuildPhase;
			buildActionMask = 2147483647;
			files = (
				14667F6A2E86EBF0004F4A30 /* HousePointApp.swift in Sources */,
			);
			runOnlyForDeploymentPostprocessing = 0;
		};
		14667F6F2E86EBF2004F4A30 /* Sources */ = {
			isa = PBXSourcesBuildPhase;
			buildActionMask = 2147483647;
			files = (
			);
			runOnlyForDeploymentPostprocessing = 0;
		};
		14667F792E86EBF2004F4A30 /* Sources */ = {
			isa = PBXSourcesBuildPhase;
			buildActionMask = 2147483647;
			files = (
			);
			runOnlyForDeploymentPostprocessing = 0;
		};
/* End PBXSourcesBuildPhase section */

/* Begin PBXTargetDependency section */
		14667F752E86EBF2004F4A30 /* PBXTargetDependency */ = {
			isa = PBXTargetDependency;
			target = 14667F652E86EBF0004F4A30 /* HousePoint */;
			targetProxy = 14667F742E86EBF2004F4A30 /* PBXContainerItemProxy */;
		};
		14667F7F2E86EBF2004F4A30 /* PBXTargetDependency */ = {
			isa = PBXTargetDependency;
			target = 14667F652E86EBF0004F4A30 /* HousePoint */;
			targetProxy = 14667F7E2E86EBF2004F4A30 /* PBXContainerItemProxy */;
		};
/* End PBXTargetDependency section */

/* Begin XCBuildConfiguration section */
		14667F852E86EBF2004F4A30 /* Debug */ = {
			isa = XCBuildConfiguration;
			buildSettings = {
				ALWAYS_SEARCH_USER_PATHS = NO;
				ASSETCATALOG_COMPILER_GENERATE_SWIFT_ASSET_SYMBOL_EXTENSIONS = YES;
				CLANG_ANALYZER_NONNULL = YES;
				CLANG_ANALYZER_NUMBER_OBJECT_CONVERSION = YES_AGGRESSIVE;
				CLANG_CXX_LANGUAGE_STANDARD = "gnu++20";
				CLANG_ENABLE_MODULES = YES;
				CLANG_ENABLE_OBJC_ARC = YES;
				CLANG_ENABLE_OBJC_WEAK = YES;
				CLANG_WARN_BLOCK_CAPTURE_AUTORELEASING = YES;
				CLANG_WARN_BOOL_CONVERSION = YES;
				CLANG_WARN_COMMA = YES;
				CLANG_WARN_CONSTANT_CONVERSION = YES;
				CLANG_WARN_DEPRECATED_OBJC_IMPLEMENTATIONS = YES;
				CLANG_WARN_DIRECT_OBJC_ISA_USAGE = YES_ERROR;
				CLANG_WARN_DOCUMENTATION_COMMENTS = YES;
				CLANG_WARN_EMPTY_BODY = YES;
				CLANG_WARN_ENUM_CONVERSION = YES;
				CLANG_WARN_INFINITE_RECURSION = YES;
				CLANG_WARN_INT_CONVERSION = YES;
				CLANG_WARN_NON_LITERAL_NULL_CONVERSION = YES;
				CLANG_WARN_OBJC_IMPLICIT_RETAIN_SELF = YES;
				CLANG_WARN_OBJC_LITERAL_CONVERSION = YES;
				CLANG_WARN_OBJC_ROOT_CLASS = YES_ERROR;
				CLANG_WARN_QUOTED_INCLUDE_IN_FRAMEWORK_HEADER = YES;
				CLANG_WARN_RANGE_LOOP_ANALYSIS = YES;
				CLANG_WARN_STRICT_PROTOTYPES = YES;
				CLANG_WARN_SUSPICIOUS_MOVE = YES;
				CLANG_WARN_UNGUARDED_AVAILABILITY = YES_AGGRESSIVE;
				CLANG_WARN_UNREACHABLE_CODE = YES;
				CLANG_WARN__DUPLICATE_METHOD_MATCH = YES;
				COPY_PHASE_STRIP = NO;
				DEBUG_INFORMATION_FORMAT = dwarf;
				DEVELOPMENT_TEAM = 7BZZ6ALY5L;
				ENABLE_STRICT_OBJC_MSGSEND = YES;
				ENABLE_TESTABILITY = YES;
				ENABLE_USER_SCRIPT_SANDBOXING = YES;
				GCC_C_LANGUAGE_STANDARD = gnu17;
				GCC_DYNAMIC_NO_PIC = NO;
				GCC_NO_COMMON_BLOCKS = YES;
				GCC_OPTIMIZATION_LEVEL = 0;
				GCC_PREPROCESSOR_DEFINITIONS = (
					"DEBUG=1",
					"$(inherited)",
				);
				GCC_WARN_64_TO_32_BIT_CONVERSION = YES;
				GCC_WARN_ABOUT_RETURN_TYPE = YES_ERROR;
				GCC_WARN_UNDECLARED_SELECTOR = YES;
				GCC_WARN_UNINITIALIZED_AUTOS = YES_AGGRESSIVE;
				GCC_WARN_UNUSED_FUNCTION = YES;
				GCC_WARN_UNUSED_VARIABLE = YES;
				IPHONEOS_DEPLOYMENT_TARGET = 18.5;
				LOCALIZATION_PREFERS_STRING_CATALOGS = YES;
				MTL_ENABLE_DEBUG_INFO = INCLUDE_SOURCE;
				MTL_FAST_MATH = YES;
				ONLY_ACTIVE_ARCH = YES;
				SDKROOT = iphoneos;
				SWIFT_ACTIVE_COMPILATION_CONDITIONS = "DEBUG $(inherited)";
				SWIFT_OPTIMIZATION_LEVEL = "-Onone";
			};
			name = Debug;
		};
		14667F862E86EBF2004F4A30 /* Release */ = {
			isa = XCBuildConfiguration;
			buildSettings = {
				ALWAYS_SEARCH_USER_PATHS = NO;
				ASSETCATALOG_COMPILER_GENERATE_SWIFT_ASSET_SYMBOL_EXTENSIONS = YES;
				CLANG_ANALYZER_NONNULL = YES;
				CLANG_ANALYZER_NUMBER_OBJECT_CONVERSION = YES_AGGRESSIVE;
				CLANG_CXX_LANGUAGE_STANDARD = "gnu++20";
				CLANG_ENABLE_MODULES = YES;
				CLANG_ENABLE_OBJC_ARC = YES;
				CLANG_ENABLE_OBJC_WEAK = YES;
				CLANG_WARN_BLOCK_CAPTURE_AUTORELEASING = YES;
				CLANG_WARN_BOOL_CONVERSION = YES;
				CLANG_WARN_COMMA = YES;
				CLANG_WARN_CONSTANT_CONVERSION = YES;
				CLANG_WARN_DEPRECATED_OBJC_IMPLEMENTATIONS = YES;
				CLANG_WARN_DIRECT_OBJC_ISA_USAGE = YES_ERROR;
				CLANG_WARN_DOCUMENTATION_COMMENTS = YES;
				CLANG_WARN_EMPTY_BODY = YES;
				CLANG_WARN_ENUM_CONVERSION = YES;
				CLANG_WARN_INFINITE_RECURSION = YES;
				CLANG_WARN_INT_CONVERSION = YES;
				CLANG_WARN_NON_LITERAL_NULL_CONVERSION = YES;
				CLANG_WARN_OBJC_IMPLICIT_RETAIN_SELF = YES;
				CLANG_WARN_OBJC_LITERAL_CONVERSION = YES;
				CLANG_WARN_OBJC_ROOT_CLASS = YES_ERROR;
				CLANG_WARN_QUOTED_INCLUDE_IN_FRAMEWORK_HEADER = YES;
				CLANG_WARN_RANGE_LOOP_ANALYSIS = YES;
				CLANG_WARN_STRICT_PROTOTYPES = YES;
				CLANG_WARN_SUSPICIOUS_MOVE = YES;
				CLANG_WARN_UNGUARDED_AVAILABILITY = YES_AGGRESSIVE;
				CLANG_WARN_UNREACHABLE_CODE = YES;
				CLANG_WARN__DUPLICATE_METHOD_MATCH = YES;
				COPY_PHASE_STRIP = NO;
				DEBUG_INFORMATION_FORMAT = "dwarf-with-dsym";
				DEVELOPMENT_TEAM = 7BZZ6ALY5L;
				ENABLE_NS_ASSERTIONS = NO;
				ENABLE_STRICT_OBJC_MSGSEND = YES;
				ENABLE_USER_SCRIPT_SANDBOXING = YES;
				GCC_C_LANGUAGE_STANDARD = gnu17;
				GCC_NO_COMMON_BLOCKS = YES;
				GCC_WARN_64_TO_32_BIT_CONVERSION = YES;
				GCC_WARN_ABOUT_RETURN_TYPE = YES_ERROR;
				GCC_WARN_UNDECLARED_SELECTOR = YES;
				GCC_WARN_UNINITIALIZED_AUTOS = YES_AGGRESSIVE;
				GCC_WARN_UNUSED_FUNCTION = YES;
				GCC_WARN_UNUSED_VARIABLE = YES;
				IPHONEOS_DEPLOYMENT_TARGET = 18.5;
				LOCALIZATION_PREFERS_STRING_CATALOGS = YES;
				MTL_ENABLE_DEBUG_INFO = NO;
				MTL_FAST_MATH = YES;
				SDKROOT = iphoneos;
				SWIFT_COMPILATION_MODE = wholemodule;
				VALIDATE_PRODUCT = YES;
			};
			name = Release;
		};
		14667F882E86EBF2004F4A30 /* Debug */ = {
			isa = XCBuildConfiguration;
			buildSettings = {
				ASSETCATALOG_COMPILER_APPICON_NAME = AppIcon;
				ASSETCATALOG_COMPILER_GLOBAL_ACCENT_COLOR_NAME = AccentColor;
				CODE_SIGN_STYLE = Automatic;
				CURRENT_PROJECT_VERSION = 1;
				DEVELOPMENT_TEAM = 7BZZ6ALY5L;
				ENABLE_PREVIEWS = YES;
				GENERATE_INFOPLIST_FILE = YES;
				INFOPLIST_KEY_UIApplicationSceneManifest_Generation = YES;
				INFOPLIST_KEY_UIApplicationSupportsIndirectInputEvents = YES;
				INFOPLIST_KEY_UILaunchScreen_Generation = YES;
				INFOPLIST_KEY_UISupportedInterfaceOrientations_iPad = "UIInterfaceOrientationPortrait UIInterfaceOrientationPortraitUpsideDown UIInterfaceOrientationLandscapeLeft UIInterfaceOrientationLandscapeRight";
				INFOPLIST_KEY_UISupportedInterfaceOrientations_iPhone = "UIInterfaceOrientationPortrait UIInterfaceOrientationLandscapeLeft UIInterfaceOrientationLandscapeRight";
				LD_RUNPATH_SEARCH_PATHS = (
					"$(inherited)",
					"@executable_path/Frameworks",
				);
				MARKETING_VERSION = 1.0;
				PRODUCT_BUNDLE_IDENTIFIER = com.triosdj.HousePoint;
				PRODUCT_NAME = "$(TARGET_NAME)";
				SWIFT_EMIT_LOC_STRINGS = YES;
				SWIFT_VERSION = 5.0;
				TARGETED_DEVICE_FAMILY = "1,2";
			};
			name = Debug;
		};
		14667F892E86EBF2004F4A30 /* Release */ = {
			isa = XCBuildConfiguration;
			buildSettings = {
				ASSETCATALOG_COMPILER_APPICON_NAME = AppIcon;
				ASSETCATALOG_COMPILER_GLOBAL_ACCENT_COLOR_NAME = AccentColor;
				CODE_SIGN_STYLE = Automatic;
				CURRENT_PROJECT_VERSION = 1;
				DEVELOPMENT_TEAM = 7BZZ6ALY5L;
				ENABLE_PREVIEWS = YES;
				GENERATE_INFOPLIST_FILE = YES;
				INFOPLIST_KEY_UIApplicationSceneManifest_Generation = YES;
				INFOPLIST_KEY_UIApplicationSupportsIndirectInputEvents = YES;
				INFOPLIST_KEY_UILaunchScreen_Generation = YES;
				INFOPLIST_KEY_UISupportedInterfaceOrientations_iPad = "UIInterfaceOrientationPortrait UIInterfaceOrientationPortraitUpsideDown UIInterfaceOrientationLandscapeLeft UIInterfaceOrientationLandscapeRight";
				INFOPLIST_KEY_UISupportedInterfaceOrientations_iPhone = "UIInterfaceOrientationPortrait UIInterfaceOrientationLandscapeLeft UIInterfaceOrientationLandscapeRight";
				LD_RUNPATH_SEARCH_PATHS = (
					"$(inherited)",
					"@executable_path/Frameworks",
				);
				MARKETING_VERSION = 1.0;
				PRODUCT_BUNDLE_IDENTIFIER = com.triosdj.HousePoint;
				PRODUCT_NAME = "$(TARGET_NAME)";
				SWIFT_EMIT_LOC_STRINGS = YES;
				SWIFT_VERSION = 5.0;
				TARGETED_DEVICE_FAMILY = "1,2";
			};
			name = Release;
		};
		14667F8B2E86EBF2004F4A30 /* Debug */ = {
			isa = XCBuildConfiguration;
			buildSettings = {
				BUNDLE_LOADER = "$(TEST_HOST)";
				CODE_SIGN_STYLE = Automatic;
				CURRENT_PROJECT_VERSION = 1;
				DEVELOPMENT_TEAM = 7BZZ6ALY5L;
				GENERATE_INFOPLIST_FILE = YES;
				IPHONEOS_DEPLOYMENT_TARGET = 18.5;
				MARKETING_VERSION = 1.0;
				PRODUCT_BUNDLE_IDENTIFIER = com.triosdj.HousePointTests;
				PRODUCT_NAME = "$(TARGET_NAME)";
				SWIFT_EMIT_LOC_STRINGS = NO;
				SWIFT_VERSION = 5.0;
				TARGETED_DEVICE_FAMILY = "1,2";
				TEST_HOST = "$(BUILT_PRODUCTS_DIR)/HousePoint.app/$(BUNDLE_EXECUTABLE_FOLDER_PATH)/HousePoint";
			};
			name = Debug;
		};
		14667F8C2E86EBF2004F4A30 /* Release */ = {
			isa = XCBuildConfiguration;
			buildSettings = {
				BUNDLE_LOADER = "$(TEST_HOST)";
				CODE_SIGN_STYLE = Automatic;
				CURRENT_PROJECT_VERSION = 1;
				DEVELOPMENT_TEAM = 7BZZ6ALY5L;
				GENERATE_INFOPLIST_FILE = YES;
				IPHONEOS_DEPLOYMENT_TARGET = 18.5;
				MARKETING_VERSION = 1.0;
				PRODUCT_BUNDLE_IDENTIFIER = com.triosdj.HousePointTests;
				PRODUCT_NAME = "$(TARGET_NAME)";
				SWIFT_EMIT_LOC_STRINGS = NO;
				SWIFT_VERSION = 5.0;
				TARGETED_DEVICE_FAMILY = "1,2";
				TEST_HOST = "$(BUILT_PRODUCTS_DIR)/HousePoint.app/$(BUNDLE_EXECUTABLE_FOLDER_PATH)/HousePoint";
			};
			name = Release;
		};
		14667F8E2E86EBF2004F4A30 /* Debug */ = {
			isa = XCBuildConfiguration;
			buildSettings = {
				CODE_SIGN_STYLE = Automatic;
				CURRENT_PROJECT_VERSION = 1;
				DEVELOPMENT_TEAM = 7BZZ6ALY5L;
				GENERATE_INFOPLIST_FILE = YES;
				MARKETING_VERSION = 1.0;
				PRODUCT_BUNDLE_IDENTIFIER = com.triosdj.HousePointUITests;
				PRODUCT_NAME = "$(TARGET_NAME)";
				SWIFT_EMIT_LOC_STRINGS = NO;
				SWIFT_VERSION = 5.0;
				TARGETED_DEVICE_FAMILY = "1,2";
				TEST_TARGET_NAME = HousePoint;
			};
			name = Debug;
		};
		14667F8F2E86EBF2004F4A30 /* Release */ = {
			isa = XCBuildConfiguration;
			buildSettings = {
				CODE_SIGN_STYLE = Automatic;
				CURRENT_PROJECT_VERSION = 1;
				DEVELOPMENT_TEAM = 7BZZ6ALY5L;
				GENERATE_INFOPLIST_FILE = YES;
				MARKETING_VERSION = 1.0;
				PRODUCT_BUNDLE_IDENTIFIER = com.triosdj.HousePointUITests;
				PRODUCT_NAME = "$(TARGET_NAME)";
				SWIFT_EMIT_LOC_STRINGS = NO;
				SWIFT_VERSION = 5.0;
				TARGETED_DEVICE_FAMILY = "1,2";
				TEST_TARGET_NAME = HousePoint;
			};
			name = Release;
		};
/* End XCBuildConfiguration section */

/* Begin XCConfigurationList section */
		14667F612E86EBF0004F4A30 /* Build configuration list for PBXProject "HousePoint" */ = {
			isa = XCConfigurationList;
			buildConfigurations = (
				14667F852E86EBF2004F4A30 /* Debug */,
				14667F862E86EBF2004F4A30 /* Release */,
			);
			defaultConfigurationIsVisible = 0;
			defaultConfigurationName = Release;
		};
		14667F872E86EBF2004F4A30 /* Build configuration list for PBXNativeTarget "HousePoint" */ = {
			isa = XCConfigurationList;
			buildConfigurations = (
				14667F882E86EBF2004F4A30 /* Debug */,
				14667F892E86EBF2004F4A30 /* Release */,
			);
			defaultConfigurationIsVisible = 0;
			defaultConfigurationName = Release;
		};
		14667F8A2E86EBF2004F4A30 /* Build configuration list for PBXNativeTarget "HousePointTests" */ = {
			isa = XCConfigurationList;
			buildConfigurations = (
				14667F8B2E86EBF2004F4A30 /* Debug */,
				14667F8C2E86EBF2004F4A30 /* Release */,
			);
			defaultConfigurationIsVisible = 0;
			defaultConfigurationName = Release;
		};
		14667F8D2E86EBF2004F4A30 /* Build configuration list for PBXNativeTarget "HousePointUITests" */ = {
			isa = XCConfigurationList;
			buildConfigurations = (
				14667F8E2E86EBF2004F4A30 /* Debug */,
				14667F8F2E86EBF2004F4A30 /* Release */,
			);
			defaultConfigurationIsVisible = 0;
			defaultConfigurationName = Release;
		};
/* End XCConfigurationList section */
	};
	rootObject = 14667F5E2E86EBF0004F4A30 /* Project object */;
}
